
Microsoft Visual Studio Solution File, Format Version 12.00
# Visual Studio 15
VisualStudioVersion = 15.0.28306.52
MinimumVisualStudioVersion = 10.0.40219.1
Project("{FAE04EC0-301F-11D3-BF4B-00C04F79EFBC}") = "MVC_Core_HelloWorld", "MVC_Core_HelloWorld\MVC_Core_HelloWorld.csproj", "{716586F0-018C-4BCC-AD04-39F05A37D074}"
EndProject
Global
	GlobalSection(SolutionConfigurationPlatforms) = preSolution
		Debug|Any CPU = Debug|Any CPU
		Release|Any CPU = Release|Any CPU
	EndGlobalSection
	GlobalSection(ProjectConfigurationPlatforms) = postSolution
		{716586F0-018C-4BCC-AD04-39F05A37D074}.Debug|Any CPU.ActiveCfg = Debug|Any CPU
		{716586F0-018C-4BCC-AD04-39F05A37D074}.Debug|Any CPU.Build.0 = Debug|Any CPU
		{716586F0-018C-4BCC-AD04-39F05A37D074}.Release|Any CPU.ActiveCfg = Release|Any CPU
		{716586F0-018C-4BCC-AD04-39F05A37D074}.Release|Any CPU.Build.0 = Release|Any CPU
	EndGlobalSection
	GlobalSection(SolutionProperties) = preSolution
		HideSolutionNode = FALSE
	EndGlobalSection
	GlobalSection(ExtensibilityGlobals) = postSolution
		SolutionGuid = {94E5FD51-CCC0-45DE-82CA-12A659DD53EB}
	EndGlobalSection
EndGlobal
